# This file is automatically @generated by Cargo.
# It is not intended for manual editing.
version = 4

[[package]]
name = "aiondb-client"
version = "0.1.0"

[[package]]
name = "aiondb-consensus"
version = "0.1.0"

[[package]]
name = "aiondb-core"
version = "0.1.0"

[[package]]
name = "aiondb-server"
version = "0.1.0"

[[package]]
name = "aiondb-sql"
version = "0.1.0"
